
Microsoft Visual Studio Solution File, Format Version 12.00
# Visual Studio Version 16
VisualStudioVersion = 16.0.31410.357
MinimumVisualStudioVersion = 10.0.40219.1
Project("{8BC9CEB8-8B4A-11D0-8D11-00A0C91BC942}") = "StudyOpenGL_01", "StudyOpenGL_01\StudyOpenGL_01.vcxproj", "{6D9DA238-41B9-4090-809C-73C4301051FC}"
EndProject
Project("{8BC9CEB8-8B4A-11D0-8D11-00A0C91BC942}") = "StudyOpenGL_02", "StudyOpenGL_02\StudyOpenGL_02.vcxproj", "{8700E397-3AB6-4066-965D-8412F0CE0D1D}"
EndProject
Project("{8BC9CEB8-8B4A-11D0-8D11-00A0C91BC942}") = "Exercise", "Exercise\Exercise.vcxproj", "{7622888C-2998-485B-94FD-F81644397182}"
EndProject
Project("{8BC9CEB8-8B4A-11D0-8D11-00A0C91BC942}") = "StudyOpenGL_03", "StudyOpenGL_03\StudyOpenGL_03.vcxproj", "{66CE111B-1611-4596-9E3C-07B57B1CC2AC}"
EndProject
Project("{8BC9CEB8-8B4A-11D0-8D11-00A0C91BC942}") = "StudyOpenGL_04", "StudyOpenGl_04\StudyOpenGl_04.vcxproj", "{A914C64C-0643-4554-834A-6667576750B5}"
EndProject
Project("{8BC9CEB8-8B4A-11D0-8D11-00A0C91BC942}") = "StudyOpenGL_05", "StudyOpenGL_05\StudyOpenGL_05.vcxproj", "{D3EE32F3-4182-42D6-AE75-201AE7538C2E}"
EndProject
Project("{8BC9CEB8-8B4A-11D0-8D11-00A0C91BC942}") = "StudyOpenGL_06", "StudyOpenGL_06\StudyOpenGL_06.vcxproj", "{841CB30A-4E76-491C-9AF6-EAF898ED5C6A}"
EndProject
Project("{8BC9CEB8-8B4A-11D0-8D11-00A0C91BC942}") = "StudyOpenGL_07", "StudyOpenGL_07\StudyOpenGL_07.vcxproj", "{96E5A76B-123C-4503-922A-E3601AF73E7B}"
EndProject
Project("{8BC9CEB8-8B4A-11D0-8D11-00A0C91BC942}") = "StudyOpenGL_08", "StudyOpenGL_08\StudyOpenGL_08.vcxproj", "{09E48F51-BE73-4718-869B-977159E7314B}"
EndProject
Project("{8BC9CEB8-8B4A-11D0-8D11-00A0C91BC942}") = "StudyOpenGL_09", "StudyOpenGL_09\StudyOpenGL_09.vcxproj", "{98502BB9-00D1-4B9E-97B6-99D59B2883E3}"
EndProject
Project("{8BC9CEB8-8B4A-11D0-8D11-00A0C91BC942}") = "StudyOpenGL_10", "StudyOpenGL_10\StudyOpenGL_10.vcxproj", "{6899D93F-053C-478E-9F2E-397A0E70F566}"
EndProject
Project("{8BC9CEB8-8B4A-11D0-8D11-00A0C91BC942}") = "StudyOpenGl_11", "StudyOpenGl_11\StudyOpenGl_11.vcxproj", "{F4FDB452-905E-45AD-A9E0-4DF698F073A7}"
EndProject
Project("{8BC9CEB8-8B4A-11D0-8D11-00A0C91BC942}") = "StudyOpenGL_12", "StudyOpenGL_12\StudyOpenGL_12.vcxproj", "{E7039FD5-1A9A-4543-A771-CF9386876E96}"
EndProject
Project("{8BC9CEB8-8B4A-11D0-8D11-00A0C91BC942}") = "StudyOpenGl_13", "StudyOpenGl_13\StudyOpenGl_13.vcxproj", "{2EA65C8D-E74C-4F90-ABDA-851372CD4B0E}"
EndProject
Project("{8BC9CEB8-8B4A-11D0-8D11-00A0C91BC942}") = "StudyOpenGL_14", "StudyOpenGL_14\StudyOpenGL_14.vcxproj", "{C95B538A-434F-42AD-9391-1D533F9936D8}"
EndProject
Project("{8BC9CEB8-8B4A-11D0-8D11-00A0C91BC942}") = "StudyOpenGL_15", "StudyOpenGL_15\StudyOpenGL_15.vcxproj", "{9F8B93DA-3C38-4243-8C5F-B2C6A1A84D41}"
EndProject
Global
	GlobalSection(SolutionConfigurationPlatforms) = preSolution
		Debug|x64 = Debug|x64
		Debug|x86 = Debug|x86
		Release|x64 = Release|x64
		Release|x86 = Release|x86
	EndGlobalSection
	GlobalSection(ProjectConfigurationPlatforms) = postSolution
		{6D9DA238-41B9-4090-809C-73C4301051FC}.Debug|x64.ActiveCfg = Debug|x64
		{6D9DA238-41B9-4090-809C-73C4301051FC}.Debug|x64.Build.0 = Debug|x64
		{6D9DA238-41B9-4090-809C-73C4301051FC}.Debug|x86.ActiveCfg = Debug|Win32
		{6D9DA238-41B9-4090-809C-73C4301051FC}.Debug|x86.Build.0 = Debug|Win32
		{6D9DA238-41B9-4090-809C-73C4301051FC}.Release|x64.ActiveCfg = Release|x64
		{6D9DA238-41B9-4090-809C-73C4301051FC}.Release|x64.Build.0 = Release|x64
		{6D9DA238-41B9-4090-809C-73C4301051FC}.Release|x86.ActiveCfg = Release|Win32
		{6D9DA238-41B9-4090-809C-73C4301051FC}.Release|x86.Build.0 = Release|Win32
		{8700E397-3AB6-4066-965D-8412F0CE0D1D}.Debug|x64.ActiveCfg = Debug|x64
		{8700E397-3AB6-4066-965D-8412F0CE0D1D}.Debug|x64.Build.0 = Debug|x64
		{8700E397-3AB6-4066-965D-8412F0CE0D1D}.Debug|x86.ActiveCfg = Debug|Win32
		{8700E397-3AB6-4066-965D-8412F0CE0D1D}.Debug|x86.Build.0 = Debug|Win32
		{8700E397-3AB6-4066-965D-8412F0CE0D1D}.Release|x64.ActiveCfg = Release|x64
		{8700E397-3AB6-4066-965D-8412F0CE0D1D}.Release|x64.Build.0 = Release|x64
		{8700E397-3AB6-4066-965D-8412F0CE0D1D}.Release|x86.ActiveCfg = Release|Win32
		{8700E397-3AB6-4066-965D-8412F0CE0D1D}.Release|x86.Build.0 = Release|Win32
		{7622888C-2998-485B-94FD-F81644397182}.Debug|x64.ActiveCfg = Debug|x64
		{7622888C-2998-485B-94FD-F81644397182}.Debug|x64.Build.0 = Debug|x64
		{7622888C-2998-485B-94FD-F81644397182}.Debug|x86.ActiveCfg = Debug|Win32
		{7622888C-2998-485B-94FD-F81644397182}.Debug|x86.Build.0 = Debug|Win32
		{7622888C-2998-485B-94FD-F81644397182}.Release|x64.ActiveCfg = Release|x64
		{7622888C-2998-485B-94FD-F81644397182}.Release|x64.Build.0 = Release|x64
		{7622888C-2998-485B-94FD-F81644397182}.Release|x86.ActiveCfg = Release|Win32
		{7622888C-2998-485B-94FD-F81644397182}.Release|x86.Build.0 = Release|Win32
		{66CE111B-1611-4596-9E3C-07B57B1CC2AC}.Debug|x64.ActiveCfg = Debug|x64
		{66CE111B-1611-4596-9E3C-07B57B1CC2AC}.Debug|x64.Build.0 = Debug|x64
		{66CE111B-1611-4596-9E3C-07B57B1CC2AC}.Debug|x86.ActiveCfg = Debug|Win32
		{66CE111B-1611-4596-9E3C-07B57B1CC2AC}.Debug|x86.Build.0 = Debug|Win32
		{66CE111B-1611-4596-9E3C-07B57B1CC2AC}.Release|x64.ActiveCfg = Release|x64
		{66CE111B-1611-4596-9E3C-07B57B1CC2AC}.Release|x64.Build.0 = Release|x64
		{66CE111B-1611-4596-9E3C-07B57B1CC2AC}.Release|x86.ActiveCfg = Release|Win32
		{66CE111B-1611-4596-9E3C-07B57B1CC2AC}.Release|x86.Build.0 = Release|Win32
		{A914C64C-0643-4554-834A-6667576750B5}.Debug|x64.ActiveCfg = Debug|x64
		{A914C64C-0643-4554-834A-6667576750B5}.Debug|x64.Build.0 = Debug|x64
		{A914C64C-0643-4554-834A-6667576750B5}.Debug|x86.ActiveCfg = Debug|Win32
		{A914C64C-0643-4554-834A-6667576750B5}.Debug|x86.Build.0 = Debug|Win32
		{A914C64C-0643-4554-834A-6667576750B5}.Release|x64.ActiveCfg = Release|x64
		{A914C64C-0643-4554-834A-6667576750B5}.Release|x64.Build.0 = Release|x64
		{A914C64C-0643-4554-834A-6667576750B5}.Release|x86.ActiveCfg = Release|Win32
		{A914C64C-0643-4554-834A-6667576750B5}.Release|x86.Build.0 = Release|Win32
		{D3EE32F3-4182-42D6-AE75-201AE7538C2E}.Debug|x64.ActiveCfg = Debug|x64
		{D3EE32F3-4182-42D6-AE75-201AE7538C2E}.Debug|x64.Build.0 = Debug|x64
		{D3EE32F3-4182-42D6-AE75-201AE7538C2E}.Debug|x86.ActiveCfg = Debug|Win32
		{D3EE32F3-4182-42D6-AE75-201AE7538C2E}.Debug|x86.Build.0 = Debug|Win32
		{D3EE32F3-4182-42D6-AE75-201AE7538C2E}.Release|x64.ActiveCfg = Release|x64
		{D3EE32F3-4182-42D6-AE75-201AE7538C2E}.Release|x64.Build.0 = Release|x64
		{D3EE32F3-4182-42D6-AE75-201AE7538C2E}.Release|x86.ActiveCfg = Release|Win32
		{D3EE32F3-4182-42D6-AE75-201AE7538C2E}.Release|x86.Build.0 = Release|Win32
		{841CB30A-4E76-491C-9AF6-EAF898ED5C6A}.Debug|x64.ActiveCfg = Debug|x64
		{841CB30A-4E76-491C-9AF6-EAF898ED5C6A}.Debug|x64.Build.0 = Debug|x64
		{841CB30A-4E76-491C-9AF6-EAF898ED5C6A}.Debug|x86.ActiveCfg = Debug|Win32
		{841CB30A-4E76-491C-9AF6-EAF898ED5C6A}.Debug|x86.Build.0 = Debug|Win32
		{841CB30A-4E76-491C-9AF6-EAF898ED5C6A}.Release|x64.ActiveCfg = Release|x64
		{841CB30A-4E76-491C-9AF6-EAF898ED5C6A}.Release|x64.Build.0 = Release|x64
		{841CB30A-4E76-491C-9AF6-EAF898ED5C6A}.Release|x86.ActiveCfg = Release|Win32
		{841CB30A-4E76-491C-9AF6-EAF898ED5C6A}.Release|x86.Build.0 = Release|Win32
		{96E5A76B-123C-4503-922A-E3601AF73E7B}.Debug|x64.ActiveCfg = Debug|x64
		{96E5A76B-123C-4503-922A-E3601AF73E7B}.Debug|x64.Build.0 = Debug|x64
		{96E5A76B-123C-4503-922A-E3601AF73E7B}.Debug|x86.ActiveCfg = Debug|Win32
		{96E5A76B-123C-4503-922A-E3601AF73E7B}.Debug|x86.Build.0 = Debug|Win32
		{96E5A76B-123C-4503-922A-E3601AF73E7B}.Release|x64.ActiveCfg = Release|x64
		{96E5A76B-123C-4503-922A-E3601AF73E7B}.Release|x64.Build.0 = Release|x64
		{96E5A76B-123C-4503-922A-E3601AF73E7B}.Release|x86.ActiveCfg = Release|Win32
		{96E5A76B-123C-4503-922A-E3601AF73E7B}.Release|x86.Build.0 = Release|Win32
		{09E48F51-BE73-4718-869B-977159E7314B}.Debug|x64.ActiveCfg = Debug|x64
		{09E48F51-BE73-4718-869B-977159E7314B}.Debug|x64.Build.0 = Debug|x64
		{09E48F51-BE73-4718-869B-977159E7314B}.Debug|x86.ActiveCfg = Debug|Win32
		{09E48F51-BE73-4718-869B-977159E7314B}.Debug|x86.Build.0 = Debug|Win32
		{09E48F51-BE73-4718-869B-977159E7314B}.Release|x64.ActiveCfg = Release|x64
		{09E48F51-BE73-4718-869B-977159E7314B}.Release|x64.Build.0 = Release|x64
		{09E48F51-BE73-4718-869B-977159E7314B}.Release|x86.ActiveCfg = Release|Win32
		{09E48F51-BE73-4718-869B-977159E7314B}.Release|x86.Build.0 = Release|Win32
		{98502BB9-00D1-4B9E-97B6-99D59B2883E3}.Debug|x64.ActiveCfg = Debug|x64
		{98502BB9-00D1-4B9E-97B6-99D59B2883E3}.Debug|x64.Build.0 = Debug|x64
		{98502BB9-00D1-4B9E-97B6-99D59B2883E3}.Debug|x86.ActiveCfg = Debug|Win32
		{98502BB9-00D1-4B9E-97B6-99D59B2883E3}.Debug|x86.Build.0 = Debug|Win32
		{98502BB9-00D1-4B9E-97B6-99D59B2883E3}.Release|x64.ActiveCfg = Release|x64
		{98502BB9-00D1-4B9E-97B6-99D59B2883E3}.Release|x64.Build.0 = Release|x64
		{98502BB9-00D1-4B9E-97B6-99D59B2883E3}.Release|x86.ActiveCfg = Release|Win32
		{98502BB9-00D1-4B9E-97B6-99D59B2883E3}.Release|x86.Build.0 = Release|Win32
		{6899D93F-053C-478E-9F2E-397A0E70F566}.Debug|x64.ActiveCfg = Debug|x64
		{6899D93F-053C-478E-9F2E-397A0E70F566}.Debug|x64.Build.0 = Debug|x64
		{6899D93F-053C-478E-9F2E-397A0E70F566}.Debug|x86.ActiveCfg = Debug|Win32
		{6899D93F-053C-478E-9F2E-397A0E70F566}.Debug|x86.Build.0 = Debug|Win32
		{6899D93F-053C-478E-9F2E-397A0E70F566}.Release|x64.ActiveCfg = Release|x64
		{6899D93F-053C-478E-9F2E-397A0E70F566}.Release|x64.Build.0 = Release|x64
		{6899D93F-053C-478E-9F2E-397A0E70F566}.Release|x86.ActiveCfg = Release|Win32
		{6899D93F-053C-478E-9F2E-397A0E70F566}.Release|x86.Build.0 = Release|Win32
		{F4FDB452-905E-45AD-A9E0-4DF698F073A7}.Debug|x64.ActiveCfg = Debug|x64
		{F4FDB452-905E-45AD-A9E0-4DF698F073A7}.Debug|x64.Build.0 = Debug|x64
		{F4FDB452-905E-45AD-A9E0-4DF698F073A7}.Debug|x86.ActiveCfg = Debug|Win32
		{F4FDB452-905E-45AD-A9E0-4DF698F073A7}.Debug|x86.Build.0 = Debug|Win32
		{F4FDB452-905E-45AD-A9E0-4DF698F073A7}.Release|x64.ActiveCfg = Release|x64
		{F4FDB452-905E-45AD-A9E0-4DF698F073A7}.Release|x64.Build.0 = Release|x64
		{F4FDB452-905E-45AD-A9E0-4DF698F073A7}.Release|x86.ActiveCfg = Release|Win32
		{F4FDB452-905E-45AD-A9E0-4DF698F073A7}.Release|x86.Build.0 = Release|Win32
		{E7039FD5-1A9A-4543-A771-CF9386876E96}.Debug|x64.ActiveCfg = Debug|x64
		{E7039FD5-1A9A-4543-A771-CF9386876E96}.Debug|x64.Build.0 = Debug|x64
		{E7039FD5-1A9A-4543-A771-CF9386876E96}.Debug|x86.ActiveCfg = Debug|Win32
		{E7039FD5-1A9A-4543-A771-CF9386876E96}.Debug|x86.Build.0 = Debug|Win32
		{E7039FD5-1A9A-4543-A771-CF9386876E96}.Release|x64.ActiveCfg = Release|x64
		{E7039FD5-1A9A-4543-A771-CF9386876E96}.Release|x64.Build.0 = Release|x64
		{E7039FD5-1A9A-4543-A771-CF9386876E96}.Release|x86.ActiveCfg = Release|Win32
		{E7039FD5-1A9A-4543-A771-CF9386876E96}.Release|x86.Build.0 = Release|Win32
		{2EA65C8D-E74C-4F90-ABDA-851372CD4B0E}.Debug|x64.ActiveCfg = Debug|x64
		{2EA65C8D-E74C-4F90-ABDA-851372CD4B0E}.Debug|x64.Build.0 = Debug|x64
		{2EA65C8D-E74C-4F90-ABDA-851372CD4B0E}.Debug|x86.ActiveCfg = Debug|Win32
		{2EA65C8D-E74C-4F90-ABDA-851372CD4B0E}.Debug|x86.Build.0 = Debug|Win32
		{2EA65C8D-E74C-4F90-ABDA-851372CD4B0E}.Release|x64.ActiveCfg = Release|x64
		{2EA65C8D-E74C-4F90-ABDA-851372CD4B0E}.Release|x64.Build.0 = Release|x64
		{2EA65C8D-E74C-4F90-ABDA-851372CD4B0E}.Release|x86.ActiveCfg = Release|Win32
		{2EA65C8D-E74C-4F90-ABDA-851372CD4B0E}.Release|x86.Build.0 = Release|Win32
		{C95B538A-434F-42AD-9391-1D533F9936D8}.Debug|x64.ActiveCfg = Debug|x64
		{C95B538A-434F-42AD-9391-1D533F9936D8}.Debug|x64.Build.0 = Debug|x64
		{C95B538A-434F-42AD-9391-1D533F9936D8}.Debug|x86.ActiveCfg = Debug|Win32
		{C95B538A-434F-42AD-9391-1D533F9936D8}.Debug|x86.Build.0 = Debug|Win32
		{C95B538A-434F-42AD-9391-1D533F9936D8}.Release|x64.ActiveCfg = Release|x64
		{C95B538A-434F-42AD-9391-1D533F9936D8}.Release|x64.Build.0 = Release|x64
		{C95B538A-434F-42AD-9391-1D533F9936D8}.Release|x86.ActiveCfg = Release|Win32
		{C95B538A-434F-42AD-9391-1D533F9936D8}.Release|x86.Build.0 = Release|Win32
		{9F8B93DA-3C38-4243-8C5F-B2C6A1A84D41}.Debug|x64.ActiveCfg = Debug|x64
		{9F8B93DA-3C38-4243-8C5F-B2C6A1A84D41}.Debug|x64.Build.0 = Debug|x64
		{9F8B93DA-3C38-4243-8C5F-B2C6A1A84D41}.Debug|x86.ActiveCfg = Debug|Win32
		{9F8B93DA-3C38-4243-8C5F-B2C6A1A84D41}.Debug|x86.Build.0 = Debug|Win32
		{9F8B93DA-3C38-4243-8C5F-B2C6A1A84D41}.Release|x64.ActiveCfg = Release|x64
		{9F8B93DA-3C38-4243-8C5F-B2C6A1A84D41}.Release|x64.Build.0 = Release|x64
		{9F8B93DA-3C38-4243-8C5F-B2C6A1A84D41}.Release|x86.ActiveCfg = Release|Win32
		{9F8B93DA-3C38-4243-8C5F-B2C6A1A84D41}.Release|x86.Build.0 = Release|Win32
	EndGlobalSection
	GlobalSection(SolutionProperties) = preSolution
		HideSolutionNode = FALSE
	EndGlobalSection
	GlobalSection(ExtensibilityGlobals) = postSolution
		SolutionGuid = {EF4C26DE-95A3-494E-A2EC-524550E6CA38}
	EndGlobalSection
EndGlobal
